<?xml version="1.0" encoding="utf-8"?>
<Project ToolsVersion="4.0" xmlns="http://schemas.microsoft.com/developer/msbuild/2003">
  <ItemGroup>
    <Filter Include="Resource Files">
      <UniqueIdentifier>{03031ccc-db13-4533-ac30-ff150a5983e0}</UniqueIdentifier>
    </Filter>
    <Filter Include="Gameplay">
      <UniqueIdentifier>{396aeda3-234a-48a7-b08f-59426ffa288f}</UniqueIdentifier>
    </Filter>
  </ItemGroup>
  <ItemGroup>
    <Image Include="Resource Files\eaeAlien.ico">
      <Filter>Resource Files</Filter>
    </Image>
    <Image Include="Resource Files\eaeGamePad.ico">
      <Filter>Resource Files</Filter>
    </Image>
    <Image Include="Resource Files\vsDefault_large.ico">
      <Filter>Resource Files</Filter>
    </Image>
    <Image Include="Resource Files\vsDefault_small.ico">
      <Filter>Resource Files</Filter>
    </Image>
  </ItemGroup>
  <ItemGroup>
    <ResourceCompile Include="Resource Files\OneShotGame.rc">
      <Filter>Resource Files</Filter>
    </ResourceCompile>
  </ItemGroup>
  <ItemGroup>
    <ClInclude Include="Resource Files\Resource.h">
      <Filter>Resource Files</Filter>
    </ClInclude>
    <ClInclude Include="Resource Files\targetver.h">
      <Filter>Resource Files</Filter>
    </ClInclude>
    <ClInclude Include="cOneShotGame.h" />
    <ClInclude Include="cArrow.h">
      <Filter>Gameplay</Filter>
    </ClInclude>
    <ClInclude Include="cKeyPressTracker.h">
      <Filter>Gameplay</Filter>
    </ClInclude>
    <ClInclude Include="cObstacleCourse.h">
      <Filter>Gameplay</Filter>
    </ClInclude>
    <ClInclude Include="cShotCameraRig.h">
      <Filter>Gameplay</Filter>
    </ClInclude>
    <ClInclude Include="GameplaySettings.h">
      <Filter>Gameplay</Filter>
    </ClInclude>
    <ClInclude Include="OneShotLock.h">
      <Filter>Gameplay</Filter>
    </ClInclude>
    <ClInclude Include="sGameAssets.h">
      <Filter>Gameplay</Filter>
    </ClInclude>
  </ItemGroup>
  <ItemGroup>
    <ClCompile Include="cOneShotGame.cpp" />
    <ClCompile Include="EntryPoint.cpp" />
    <ClCompile Include="cArrow.cpp">
      <Filter>Gameplay</Filter>
    </ClCompile>
    <ClCompile Include="cKeyPressTracker.cpp">
      <Filter>Gameplay</Filter>
    </ClCompile>
    <ClCompile Include="cObstacleCourse.cpp">
      <Filter>Gameplay</Filter>
    </ClCompile>
    <ClCompile Include="cShotCameraRig.cpp">
      <Filter>Gameplay</Filter>
    </ClCompile>
    <ClCompile Include="OneShotLock.cpp">
      <Filter>Gameplay</Filter>
    </ClCompile>
    <ClCompile Include="sGameAssets.cpp">
      <Filter>Gameplay</Filter>
    </ClCompile>
  </ItemGroup>
</Project>